Microsoft Visual Studio Solution File, Format Version 11.00
# Visual Studio 2008

Project("{1288941B-9D39-95C1-BCFF-7F5FCACBFE5C}") = "Urbis", "Assembly-CSharp-firstpass.csproj", "{DC27DCA5-FD01-E5B7-2374-1E94CB0AA703}"
EndProject
Project("{1288941B-9D39-95C1-BCFF-7F5FCACBFE5C}") = "Urbis", "Assembly-CSharp.csproj", "{B3F7900B-32DE-5A8C-C031-C598B88AF870}"
EndProject
Project("{1288941B-9D39-95C1-BCFF-7F5FCACBFE5C}") = "Urbis", "Assembly-CSharp-Editor.csproj", "{5DD307D8-4DCB-630E-5086-2CE3117BDE7F}"
EndProject
Global
	GlobalSection(SolutionConfigurationPlatforms) = preSolution
		Debug|Any CPU = Debug|Any CPU
		Release|Any CPU = Release|Any CPU
	EndGlobalSection
	GlobalSection(ProjectConfigurationPlatforms) = postSolution
		{DC27DCA5-FD01-E5B7-2374-1E94CB0AA703}.Debug|Any CPU.ActiveCfg = Debug|Any CPU
		{DC27DCA5-FD01-E5B7-2374-1E94CB0AA703}.Debug|Any CPU.Build.0 = Debug|Any CPU
		{DC27DCA5-FD01-E5B7-2374-1E94CB0AA703}.Release|Any CPU.ActiveCfg = Release|Any CPU
		{DC27DCA5-FD01-E5B7-2374-1E94CB0AA703}.Release|Any CPU.Build.0 = Release|Any CPU
		{B3F7900B-32DE-5A8C-C031-C598B88AF870}.Debug|Any CPU.ActiveCfg = Debug|Any CPU
		{B3F7900B-32DE-5A8C-C031-C598B88AF870}.Debug|Any CPU.Build.0 = Debug|Any CPU
		{B3F7900B-32DE-5A8C-C031-C598B88AF870}.Release|Any CPU.ActiveCfg = Release|Any CPU
		{B3F7900B-32DE-5A8C-C031-C598B88AF870}.Release|Any CPU.Build.0 = Release|Any CPU
		{5DD307D8-4DCB-630E-5086-2CE3117BDE7F}.Debug|Any CPU.ActiveCfg = Debug|Any CPU
		{5DD307D8-4DCB-630E-5086-2CE3117BDE7F}.Debug|Any CPU.Build.0 = Debug|Any CPU
		{5DD307D8-4DCB-630E-5086-2CE3117BDE7F}.Release|Any CPU.ActiveCfg = Release|Any CPU
		{5DD307D8-4DCB-630E-5086-2CE3117BDE7F}.Release|Any CPU.Build.0 = Release|Any CPU
	EndGlobalSection
	GlobalSection(SolutionProperties) = preSolution
		HideSolutionNode = FALSE
	EndGlobalSection
	GlobalSection(MonoDevelopProperties) = preSolution
		StartupItem = Assembly-CSharp.csproj
	EndGlobalSection
EndGlobal
